// !$*UTF8*$!
{
	archiveVersion = 1;
	classes = {
	};
	objectVersion = 46;
	objects = {

/* Begin PBXBuildFile section */
		DD09585A1A5C00D600E2FEB2 /* MedFolioLogo.png in Resources */ = {isa = PBXBuildFile; fileRef = DD0958571A5C00D600E2FEB2 /* MedFolioLogo.png */; };
		DD09585B1A5C00D600E2FEB2 /* ShowMacUsbPort.png in Resources */ = {isa = PBXBuildFile; fileRef = DD0958581A5C00D600E2FEB2 /* ShowMacUsbPort.png */; };
		DD09585C1A5C00D600E2FEB2 /* ShowMedFolioUsbPort.png in Resources */ = {isa = PBXBuildFile; fileRef = DD0958591A5C00D600E2FEB2 /* ShowMedFolioUsbPort.png */; };
		DD0958611A5C088700E2FEB2 /* MPDeviceDisconnectivityController.m in Sources */ = {isa = PBXBuildFile; fileRef = DD09585F1A5C088600E2FEB2 /* MPDeviceDisconnectivityController.m */; };
		DD0958621A5C088700E2FEB2 /* MPDeviceDisconnectivityController.xib in Resources */ = {isa = PBXBuildFile; fileRef = DD0958601A5C088600E2FEB2 /* MPDeviceDisconnectivityController.xib */; };
		DD51E0021A459823001C76D7 /* MPScanSSIDController.m in Sources */ = {isa = PBXBuildFile; fileRef = DD51E0001A459823001C76D7 /* MPScanSSIDController.m */; };
		DD51E0031A459823001C76D7 /* MPScanSSIDController.xib in Resources */ = {isa = PBXBuildFile; fileRef = DD51E0011A459823001C76D7 /* MPScanSSIDController.xib */; };
		DD51E0081A459ECF001C76D7 /* MPConnectivityController.m in Sources */ = {isa = PBXBuildFile; fileRef = DD51E0061A459ECF001C76D7 /* MPConnectivityController.m */; };
		DD51E0091A459ECF001C76D7 /* MPConnectivityController.xib in Resources */ = {isa = PBXBuildFile; fileRef = DD51E0071A459ECF001C76D7 /* MPConnectivityController.xib */; };
		DD62B1F71A5D3DD4002568D7 /* ConnectPowerAdaptor.png in Resources */ = {isa = PBXBuildFile; fileRef = DD62B1F61A5D3DD4002568D7 /* ConnectPowerAdaptor.png */; };
		DD9622891A2B448B009ABF32 /* MPDeviceConfigurationViewController.m in Sources */ = {isa = PBXBuildFile; fileRef = DD9622881A2B448B009ABF32 /* MPDeviceConfigurationViewController.m */; };
		DDB8D08D1A46920100AFB1F9 /* MPEnterWifiPassword.m in Sources */ = {isa = PBXBuildFile; fileRef = DDB8D08B1A46920100AFB1F9 /* MPEnterWifiPassword.m */; };
		DDB8D08E1A46920100AFB1F9 /* MPEnterWifiPassword.xib in Resources */ = {isa = PBXBuildFile; fileRef = DDB8D08C1A46920100AFB1F9 /* MPEnterWifiPassword.xib */; };
		DDBB186D1A4E70EB00FBA7EB /* MPSaveDetailsController.m in Sources */ = {isa = PBXBuildFile; fileRef = DDBB186B1A4E70EB00FBA7EB /* MPSaveDetailsController.m */; };
		DDBB186E1A4E70EB00FBA7EB /* MPSaveDetailsController.xib in Resources */ = {isa = PBXBuildFile; fileRef = DDBB186C1A4E70EB00FBA7EB /* MPSaveDetailsController.xib */; };
		DDBB18721A4E710200FBA7EB /* MPRebootDeviceController.m in Sources */ = {isa = PBXBuildFile; fileRef = DDBB18701A4E710200FBA7EB /* MPRebootDeviceController.m */; };
		DDBB18731A4E710200FBA7EB /* MPRebootDeviceController.xib in Resources */ = {isa = PBXBuildFile; fileRef = DDBB18711A4E710200FBA7EB /* MPRebootDeviceController.xib */; };
		DDD1C0441A28CCCB00666524 /* AppDelegate.m in Sources */ = {isa = PBXBuildFile; fileRef = DDD1C0431A28CCCB00666524 /* AppDelegate.m */; };
		DDD1C0461A28CCCB00666524 /* main.m in Sources */ = {isa = PBXBuildFile; fileRef = DDD1C0451A28CCCB00666524 /* main.m */; };
		DDD1C0481A28CCCB00666524 /* Images.xcassets in Resources */ = {isa = PBXBuildFile; fileRef = DDD1C0471A28CCCB00666524 /* Images.xcassets */; };
		DDD1C04B1A28CCCB00666524 /* MainMenu.xib in Resources */ = {isa = PBXBuildFile; fileRef = DDD1C0491A28CCCB00666524 /* MainMenu.xib */; };
		DDD1C0571A28CCCB00666524 /* MedFolio_Pillbox_SetupTests.m in Sources */ = {isa = PBXBuildFile; fileRef = DDD1C0561A28CCCB00666524 /* MedFolio_Pillbox_SetupTests.m */; };
		DDD1C0621A28CF9A00666524 /* MPDeviceCommunication.m in Sources */ = {isa = PBXBuildFile; fileRef = DDD1C0611A28CF9A00666524 /* MPDeviceCommunication.m */; };
		DDE16AFD1A496CD300DE297A /* MPDeviceCommand.m in Sources */ = {isa = PBXBuildFile; fileRef = DDE16AFC1A496CD300DE297A /* MPDeviceCommand.m */; };
		DDE16B001A496D2000DE297A /* MPNetwork.m in Sources */ = {isa = PBXBuildFile; fileRef = DDE16AFF1A496D2000DE297A /* MPNetwork.m */; };
		DDE16B041A496F2A00DE297A /* MPScanResultParser.m in Sources */ = {isa = PBXBuildFile; fileRef = DDE16B031A496F2A00DE297A /* MPScanResultParser.m */; };
		DDE16B061A49794200DE297A /* MPScanResultParserTests.m in Sources */ = {isa = PBXBuildFile; fileRef = DDE16B051A49794200DE297A /* MPScanResultParserTests.m */; };
/* End PBXBuildFile section */

/* Begin PBXContainerItemProxy section */
		DDD1C0511A28CCCB00666524 /* PBXContainerItemProxy */ = {
			isa = PBXContainerItemProxy;
			containerPortal = DDD1C0351A28CCCB00666524 /* Project object */;
			proxyType = 1;
			remoteGlobalIDString = DDD1C03C1A28CCCB00666524;
			remoteInfo = "MedFolio Pillbox Setup";
		};
/* End PBXContainerItemProxy section */

/* Begin PBXFileReference section */
		DD0958571A5C00D600E2FEB2 /* MedFolioLogo.png */ = {isa = PBXFileReference; lastKnownFileType = image.png; path = MedFolioLogo.png; sourceTree = "<group>"; };
		DD0958581A5C00D600E2FEB2 /* ShowMacUsbPort.png */ = {isa = PBXFileReference; lastKnownFileType = image.png; path = ShowMacUsbPort.png; sourceTree = "<group>"; };
		DD0958591A5C00D600E2FEB2 /* ShowMedFolioUsbPort.png */ = {isa = PBXFileReference; lastKnownFileType = image.png; path = ShowMedFolioUsbPort.png; sourceTree = "<group>"; };
		DD09585E1A5C088600E2FEB2 /* MPDeviceDisconnectivityController.h */ = {isa = PBXFileReference; fileEncoding = 4; lastKnownFileType = sourcecode.c.h; path = MPDeviceDisconnectivityController.h; sourceTree = "<group>"; };
		DD09585F1A5C088600E2FEB2 /* MPDeviceDisconnectivityController.m */ = {isa = PBXFileReference; fileEncoding = 4; lastKnownFileType = sourcecode.c.objc; path = MPDeviceDisconnectivityController.m; sourceTree = "<group>"; };
		DD0958601A5C088600E2FEB2 /* MPDeviceDisconnectivityController.xib */ = {isa = PBXFileReference; fileEncoding = 4; lastKnownFileType = file.xib; path = MPDeviceDisconnectivityController.xib; sourceTree = "<group>"; };
		DD51DFFF1A459823001C76D7 /* MPScanSSIDController.h */ = {isa = PBXFileReference; fileEncoding = 4; lastKnownFileType = sourcecode.c.h; path = MPScanSSIDController.h; sourceTree = "<group>"; };
		DD51E0001A459823001C76D7 /* MPScanSSIDController.m */ = {isa = PBXFileReference; fileEncoding = 4; lastKnownFileType = sourcecode.c.objc; path = MPScanSSIDController.m; sourceTree = "<group>"; };
		DD51E0011A459823001C76D7 /* MPScanSSIDController.xib */ = {isa = PBXFileReference; fileEncoding = 4; lastKnownFileType = file.xib; path = MPScanSSIDController.xib; sourceTree = "<group>"; };
		DD51E0051A459ECF001C76D7 /* MPConnectivityController.h */ = {isa = PBXFileReference; fileEncoding = 4; lastKnownFileType = sourcecode.c.h; path = MPConnectivityController.h; sourceTree = "<group>"; };
		DD51E0061A459ECF001C76D7 /* MPConnectivityController.m */ = {isa = PBXFileReference; fileEncoding = 4; lastKnownFileType = sourcecode.c.objc; path = MPConnectivityController.m; sourceTree = "<group>"; };
		DD51E0071A459ECF001C76D7 /* MPConnectivityController.xib */ = {isa = PBXFileReference; fileEncoding = 4; lastKnownFileType = file.xib; path = MPConnectivityController.xib; sourceTree = "<group>"; };
		DD62B1F61A5D3DD4002568D7 /* ConnectPowerAdaptor.png */ = {isa = PBXFileReference; lastKnownFileType = image.png; path = ConnectPowerAdaptor.png; sourceTree = "<group>"; };
		DD9622871A2B448B009ABF32 /* MPDeviceConfigurationViewController.h */ = {isa = PBXFileReference; fileEncoding = 4; lastKnownFileType = sourcecode.c.h; path = MPDeviceConfigurationViewController.h; sourceTree = "<group>"; };
		DD9622881A2B448B009ABF32 /* MPDeviceConfigurationViewController.m */ = {isa = PBXFileReference; fileEncoding = 4; lastKnownFileType = sourcecode.c.objc; path = MPDeviceConfigurationViewController.m; sourceTree = "<group>"; };
		DDB8D08A1A46920100AFB1F9 /* MPEnterWifiPassword.h */ = {isa = PBXFileReference; fileEncoding = 4; lastKnownFileType = sourcecode.c.h; path = MPEnterWifiPassword.h; sourceTree = "<group>"; };
		DDB8D08B1A46920100AFB1F9 /* MPEnterWifiPassword.m */ = {isa = PBXFileReference; fileEncoding = 4; lastKnownFileType = sourcecode.c.objc; path = MPEnterWifiPassword.m; sourceTree = "<group>"; };
		DDB8D08C1A46920100AFB1F9 /* MPEnterWifiPassword.xib */ = {isa = PBXFileReference; fileEncoding = 4; lastKnownFileType = file.xib; path = MPEnterWifiPassword.xib; sourceTree = "<group>"; };
		DDB90C881A531EB700686A59 /* LogReceived.txt */ = {isa = PBXFileReference; fileEncoding = 4; lastKnownFileType = text; name = LogReceived.txt; path = "MedFolio Pillbox Setup/LogReceived.txt"; sourceTree = SOURCE_ROOT; };
		DDBB186A1A4E70EB00FBA7EB /* MPSaveDetailsController.h */ = {isa = PBXFileReference; fileEncoding = 4; lastKnownFileType = sourcecode.c.h; path = MPSaveDetailsController.h; sourceTree = "<group>"; };
		DDBB186B1A4E70EB00FBA7EB /* MPSaveDetailsController.m */ = {isa = PBXFileReference; fileEncoding = 4; lastKnownFileType = sourcecode.c.objc; path = MPSaveDetailsController.m; sourceTree = "<group>"; };
		DDBB186C1A4E70EB00FBA7EB /* MPSaveDetailsController.xib */ = {isa = PBXFileReference; fileEncoding = 4; lastKnownFileType = file.xib; path = MPSaveDetailsController.xib; sourceTree = "<group>"; };
		DDBB186F1A4E710200FBA7EB /* MPRebootDeviceController.h */ = {isa = PBXFileReference; fileEncoding = 4; lastKnownFileType = sourcecode.c.h; path = MPRebootDeviceController.h; sourceTree = "<group>"; };
		DDBB18701A4E710200FBA7EB /* MPRebootDeviceController.m */ = {isa = PBXFileReference; fileEncoding = 4; lastKnownFileType = sourcecode.c.objc; path = MPRebootDeviceController.m; sourceTree = "<group>"; };
		DDBB18711A4E710200FBA7EB /* MPRebootDeviceController.xib */ = {isa = PBXFileReference; fileEncoding = 4; lastKnownFileType = file.xib; path = MPRebootDeviceController.xib; sourceTree = "<group>"; };
		DDD1C03D1A28CCCB00666524 /* MedFolio Pillbox Setup.app */ = {isa = PBXFileReference; explicitFileType = wrapper.application; includeInIndex = 0; path = "MedFolio Pillbox Setup.app"; sourceTree = BUILT_PRODUCTS_DIR; };
		DDD1C0411A28CCCB00666524 /* Info.plist */ = {isa = PBXFileReference; lastKnownFileType = text.plist.xml; path = Info.plist; sourceTree = "<group>"; };
		DDD1C0421A28CCCB00666524 /* AppDelegate.h */ = {isa = PBXFileReference; lastKnownFileType = sourcecode.c.h; path = AppDelegate.h; sourceTree = "<group>"; };
		DDD1C0431A28CCCB00666524 /* AppDelegate.m */ = {isa = PBXFileReference; lastKnownFileType = sourcecode.c.objc; path = AppDelegate.m; sourceTree = "<group>"; };
		DDD1C0451A28CCCB00666524 /* main.m */ = {isa = PBXFileReference; lastKnownFileType = sourcecode.c.objc; path = main.m; sourceTree = "<group>"; };
		DDD1C0471A28CCCB00666524 /* Images.xcassets */ = {isa = PBXFileReference; lastKnownFileType = folder.assetcatalog; path = Images.xcassets; sourceTree = "<group>"; };
		DDD1C04A1A28CCCB00666524 /* Base */ = {isa = PBXFileReference; lastKnownFileType = file.xib; name = Base; path = Base.lproj/MainMenu.xib; sourceTree = "<group>"; };
		DDD1C0501A28CCCB00666524 /* MedFolio Pillbox SetupTests.xctest */ = {isa = PBXFileReference; explicitFileType = wrapper.cfbundle; includeInIndex = 0; path = "MedFolio Pillbox SetupTests.xctest"; sourceTree = BUILT_PRODUCTS_DIR; };
		DDD1C0551A28CCCB00666524 /* Info.plist */ = {isa = PBXFileReference; lastKnownFileType = text.plist.xml; path = Info.plist; sourceTree = "<group>"; };
		DDD1C0561A28CCCB00666524 /* MedFolio_Pillbox_SetupTests.m */ = {isa = PBXFileReference; lastKnownFileType = sourcecode.c.objc; path = MedFolio_Pillbox_SetupTests.m; sourceTree = "<group>"; };
		DDD1C0601A28CF9A00666524 /* MPDeviceCommunication.h */ = {isa = PBXFileReference; fileEncoding = 4; lastKnownFileType = sourcecode.c.h; path = MPDeviceCommunication.h; sourceTree = "<group>"; };
		DDD1C0611A28CF9A00666524 /* MPDeviceCommunication.m */ = {isa = PBXFileReference; fileEncoding = 4; lastKnownFileType = sourcecode.c.objc; path = MPDeviceCommunication.m; sourceTree = "<group>"; };
		DDE16AFB1A496CD300DE297A /* MPDeviceCommand.h */ = {isa = PBXFileReference; fileEncoding = 4; lastKnownFileType = sourcecode.c.h; path = MPDeviceCommand.h; sourceTree = "<group>"; };
		DDE16AFC1A496CD300DE297A /* MPDeviceCommand.m */ = {isa = PBXFileReference; fileEncoding = 4; lastKnownFileType = sourcecode.c.objc; path = MPDeviceCommand.m; sourceTree = "<group>"; };
		DDE16AFE1A496D2000DE297A /* MPNetwork.h */ = {isa = PBXFileReference; fileEncoding = 4; lastKnownFileType = sourcecode.c.h; path = MPNetwork.h; sourceTree = "<group>"; };
		DDE16AFF1A496D2000DE297A /* MPNetwork.m */ = {isa = PBXFileReference; fileEncoding = 4; lastKnownFileType = sourcecode.c.objc; path = MPNetwork.m; sourceTree = "<group>"; };
		DDE16B021A496F2A00DE297A /* MPScanResultParser.h */ = {isa = PBXFileReference; fileEncoding = 4; lastKnownFileType = sourcecode.c.h; path = MPScanResultParser.h; sourceTree = "<group>"; };
		DDE16B031A496F2A00DE297A /* MPScanResultParser.m */ = {isa = PBXFileReference; fileEncoding = 4; lastKnownFileType = sourcecode.c.objc; path = MPScanResultParser.m; sourceTree = "<group>"; };
		DDE16B051A49794200DE297A /* MPScanResultParserTests.m */ = {isa = PBXFileReference; fileEncoding = 4; lastKnownFileType = sourcecode.c.objc; path = MPScanResultParserTests.m; sourceTree = "<group>"; };
/* End PBXFileReference section */

/* Begin PBXFrameworksBuildPhase section */
		DDD1C03A1A28CCCB00666524 /* Frameworks */ = {
			isa = PBXFrameworksBuildPhase;
			buildActionMask = 2147483647;
			files = (
			);
			runOnlyForDeploymentPostprocessing = 0;
		};
		DDD1C04D1A28CCCB00666524 /* Frameworks */ = {
			isa = PBXFrameworksBuildPhase;
			buildActionMask = 2147483647;
			files = (
			);
			runOnlyForDeploymentPostprocessing = 0;
		};
/* End PBXFrameworksBuildPhase section */

/* Begin PBXGroup section */
		DD0958561A5C00D600E2FEB2 /* Graphics And Icons */ = {
			isa = PBXGroup;
			children = (
				DD0958571A5C00D600E2FEB2 /* MedFolioLogo.png */,
				DD0958581A5C00D600E2FEB2 /* ShowMacUsbPort.png */,
				DD0958591A5C00D600E2FEB2 /* ShowMedFolioUsbPort.png */,
				DD62B1F61A5D3DD4002568D7 /* ConnectPowerAdaptor.png */,
			);
			path = "Graphics And Icons";
			sourceTree = "<group>";
		};
		DD09585D1A5C085800E2FEB2 /* DeviceDisconnictivityController */ = {
			isa = PBXGroup;
			children = (
				DD09585E1A5C088600E2FEB2 /* MPDeviceDisconnectivityController.h */,
				DD09585F1A5C088600E2FEB2 /* MPDeviceDisconnectivityController.m */,
				DD0958601A5C088600E2FEB2 /* MPDeviceDisconnectivityController.xib */,
			);
			path = DeviceDisconnictivityController;
			sourceTree = "<group>";
		};
		DD51DFFE1A459804001C76D7 /* ScanDeviceSSID Controller */ = {
			isa = PBXGroup;
			children = (
				DD51DFFF1A459823001C76D7 /* MPScanSSIDController.h */,
				DD51E0001A459823001C76D7 /* MPScanSSIDController.m */,
				DD51E0011A459823001C76D7 /* MPScanSSIDController.xib */,
			);
			path = "ScanDeviceSSID Controller";
			sourceTree = "<group>";
		};
		DD51E0041A459EAD001C76D7 /* MFDeviceConnectivityController */ = {
			isa = PBXGroup;
			children = (
				DD51E0051A459ECF001C76D7 /* MPConnectivityController.h */,
				DD51E0061A459ECF001C76D7 /* MPConnectivityController.m */,
				DD51E0071A459ECF001C76D7 /* MPConnectivityController.xib */,
			);
			path = MFDeviceConnectivityController;
			sourceTree = "<group>";
		};
		DDB8D0891A468ECC00AFB1F9 /* EnterWirelessPassword */ = {
			isa = PBXGroup;
			children = (
				DDB8D08A1A46920100AFB1F9 /* MPEnterWifiPassword.h */,
				DDB8D08B1A46920100AFB1F9 /* MPEnterWifiPassword.m */,
				DDB8D08C1A46920100AFB1F9 /* MPEnterWifiPassword.xib */,
			);
			path = EnterWirelessPassword;
			sourceTree = "<group>";
		};
		DDBB18681A4E706000FBA7EB /* Reboot Device Controller */ = {
			isa = PBXGroup;
			children = (
				DDBB186F1A4E710200FBA7EB /* MPRebootDeviceController.h */,
				DDBB18701A4E710200FBA7EB /* MPRebootDeviceController.m */,
				DDBB18711A4E710200FBA7EB /* MPRebootDeviceController.xib */,
			);
			path = "Reboot Device Controller";
			sourceTree = "<group>";
		};
		DDBB18691A4E706000FBA7EB /* Save Details Controller */ = {
			isa = PBXGroup;
			children = (
				DDBB186A1A4E70EB00FBA7EB /* MPSaveDetailsController.h */,
				DDBB186B1A4E70EB00FBA7EB /* MPSaveDetailsController.m */,
				DDBB186C1A4E70EB00FBA7EB /* MPSaveDetailsController.xib */,
			);
			path = "Save Details Controller";
			sourceTree = "<group>";
		};
		DDD1C0341A28CCCB00666524 = {
			isa = PBXGroup;
			children = (
				DDD1C03F1A28CCCB00666524 /* MedFolio Pillbox Setup */,
				DDD1C0531A28CCCB00666524 /* MedFolio Pillbox SetupTests */,
				DDD1C03E1A28CCCB00666524 /* Products */,
			);
			sourceTree = "<group>";
		};
		DDD1C03E1A28CCCB00666524 /* Products */ = {
			isa = PBXGroup;
			children = (
				DDD1C03D1A28CCCB00666524 /* MedFolio Pillbox Setup.app */,
				DDD1C0501A28CCCB00666524 /* MedFolio Pillbox SetupTests.xctest */,
			);
			name = Products;
			sourceTree = "<group>";
		};
		DDD1C03F1A28CCCB00666524 /* MedFolio Pillbox Setup */ = {
			isa = PBXGroup;
			children = (
				DDD1C0421A28CCCB00666524 /* AppDelegate.h */,
				DDD1C0431A28CCCB00666524 /* AppDelegate.m */,
				DDD1C0471A28CCCB00666524 /* Images.xcassets */,
				DDD1C0491A28CCCB00666524 /* MainMenu.xib */,
				DDD1C0401A28CCCB00666524 /* Supporting Files */,
				DDD1C0601A28CF9A00666524 /* MPDeviceCommunication.h */,
				DDD1C0611A28CF9A00666524 /* MPDeviceCommunication.m */,
				DD9622871A2B448B009ABF32 /* MPDeviceConfigurationViewController.h */,
				DD9622881A2B448B009ABF32 /* MPDeviceConfigurationViewController.m */,
				DDE16B011A496F0F00DE297A /* Parsers */,
				DDE16AFA1A496CB400DE297A /* ModelObjects */,
				DD51E0041A459EAD001C76D7 /* MFDeviceConnectivityController */,
				DD51DFFE1A459804001C76D7 /* ScanDeviceSSID Controller */,
				DDB8D0891A468ECC00AFB1F9 /* EnterWirelessPassword */,
				DDBB18691A4E706000FBA7EB /* Save Details Controller */,
				DDBB18681A4E706000FBA7EB /* Reboot Device Controller */,
				DD09585D1A5C085800E2FEB2 /* DeviceDisconnictivityController */,
				DD0958561A5C00D600E2FEB2 /* Graphics And Icons */,
			);
			path = "MedFolio Pillbox Setup";
			sourceTree = "<group>";
		};
		DDD1C0401A28CCCB00666524 /* Supporting Files */ = {
			isa = PBXGroup;
			children = (
				DDD1C0411A28CCCB00666524 /* Info.plist */,
				DDD1C0451A28CCCB00666524 /* main.m */,
			);
			name = "Supporting Files";
			sourceTree = "<group>";
		};
		DDD1C0531A28CCCB00666524 /* MedFolio Pillbox SetupTests */ = {
			isa = PBXGroup;
			children = (
				DDD1C0561A28CCCB00666524 /* MedFolio_Pillbox_SetupTests.m */,
				DDE16B051A49794200DE297A /* MPScanResultParserTests.m */,
				DDD1C0541A28CCCB00666524 /* Supporting Files */,
			);
			path = "MedFolio Pillbox SetupTests";
			sourceTree = "<group>";
		};
		DDD1C0541A28CCCB00666524 /* Supporting Files */ = {
			isa = PBXGroup;
			children = (
				DDD1C0551A28CCCB00666524 /* Info.plist */,
				DDB90C881A531EB700686A59 /* LogReceived.txt */,
			);
			name = "Supporting Files";
			sourceTree = "<group>";
		};
		DDE16AFA1A496CB400DE297A /* ModelObjects */ = {
			isa = PBXGroup;
			children = (
				DDE16AFB1A496CD300DE297A /* MPDeviceCommand.h */,
				DDE16AFC1A496CD300DE297A /* MPDeviceCommand.m */,
				DDE16AFE1A496D2000DE297A /* MPNetwork.h */,
				DDE16AFF1A496D2000DE297A /* MPNetwork.m */,
			);
			path = ModelObjects;
			sourceTree = "<group>";
		};
		DDE16B011A496F0F00DE297A /* Parsers */ = {
			isa = PBXGroup;
			children = (
				DDE16B021A496F2A00DE297A /* MPScanResultParser.h */,
				DDE16B031A496F2A00DE297A /* MPScanResultParser.m */,
			);
			path = Parsers;
			sourceTree = "<group>";
		};
/* End PBXGroup section */

/* Begin PBXNativeTarget section */
		DDD1C03C1A28CCCB00666524 /* MedFolio Pillbox Setup */ = {
			isa = PBXNativeTarget;
			buildConfigurationList = DDD1C05A1A28CCCB00666524 /* Build configuration list for PBXNativeTarget "MedFolio Pillbox Setup" */;
			buildPhases = (
				DDD1C0391A28CCCB00666524 /* Sources */,
				DDD1C03A1A28CCCB00666524 /* Frameworks */,
				DDD1C03B1A28CCCB00666524 /* Resources */,
			);
			buildRules = (
			);
			dependencies = (
			);
			name = "MedFolio Pillbox Setup";
			productName = "MedFolio Pillbox Setup";
			productReference = DDD1C03D1A28CCCB00666524 /* MedFolio Pillbox Setup.app */;
			productType = "com.apple.product-type.application";
		};
		DDD1C04F1A28CCCB00666524 /* MedFolio Pillbox SetupTests */ = {
			isa = PBXNativeTarget;
			buildConfigurationList = DDD1C05D1A28CCCB00666524 /* Build configuration list for PBXNativeTarget "MedFolio Pillbox SetupTests" */;
			buildPhases = (
				DDD1C04C1A28CCCB00666524 /* Sources */,
				DDD1C04D1A28CCCB00666524 /* Frameworks */,
				DDD1C04E1A28CCCB00666524 /* Resources */,
			);
			buildRules = (
			);
			dependencies = (
				DDD1C0521A28CCCB00666524 /* PBXTargetDependency */,
			);
			name = "MedFolio Pillbox SetupTests";
			productName = "MedFolio Pillbox SetupTests";
			productReference = DDD1C0501A28CCCB00666524 /* MedFolio Pillbox SetupTests.xctest */;
			productType = "com.apple.product-type.bundle.unit-test";
		};
/* End PBXNativeTarget section */

/* Begin PBXProject section */
		DDD1C0351A28CCCB00666524 /* Project object */ = {
			isa = PBXProject;
			attributes = {
				CLASSPREFIX = MP;
				LastUpgradeCheck = 0610;
				ORGANIZATIONNAME = "CoreBits Software Solutions Pvt. Ltd(corebitss.com)";
				TargetAttributes = {
					DDD1C03C1A28CCCB00666524 = {
						CreatedOnToolsVersion = 6.1;
					};
					DDD1C04F1A28CCCB00666524 = {
						CreatedOnToolsVersion = 6.1;
						TestTargetID = DDD1C03C1A28CCCB00666524;
					};
				};
			};
			buildConfigurationList = DDD1C0381A28CCCB00666524 /* Build configuration list for PBXProject "MedFolio Pillbox Setup" */;
			compatibilityVersion = "Xcode 3.2";
			developmentRegion = English;
			hasScannedForEncodings = 0;
			knownRegions = (
				en,
				Base,
			);
			mainGroup = DDD1C0341A28CCCB00666524;
			productRefGroup = DDD1C03E1A28CCCB00666524 /* Products */;
			projectDirPath = "";
			projectRoot = "";
			targets = (
				DDD1C03C1A28CCCB00666524 /* MedFolio Pillbox Setup */,
				DDD1C04F1A28CCCB00666524 /* MedFolio Pillbox SetupTests */,
			);
		};
/* End PBXProject section */

/* Begin PBXResourcesBuildPhase section */
		DDD1C03B1A28CCCB00666524 /* Resources */ = {
			isa = PBXResourcesBuildPhase;
			buildActionMask = 2147483647;
			files = (
				DD62B1F71A5D3DD4002568D7 /* ConnectPowerAdaptor.png in Resources */,
				DD51E0031A459823001C76D7 /* MPScanSSIDController.xib in Resources */,
				DD09585C1A5C00D600E2FEB2 /* ShowMedFolioUsbPort.png in Resources */,
				DD51E0091A459ECF001C76D7 /* MPConnectivityController.xib in Resources */,
				DDBB186E1A4E70EB00FBA7EB /* MPSaveDetailsController.xib in Resources */,
				DD09585B1A5C00D600E2FEB2 /* ShowMacUsbPort.png in Resources */,
				DD09585A1A5C00D600E2FEB2 /* MedFolioLogo.png in Resources */,
				DDBB18731A4E710200FBA7EB /* MPRebootDeviceController.xib in Resources */,
				DD0958621A5C088700E2FEB2 /* MPDeviceDisconnectivityController.xib in Resources */,
				DDD1C0481A28CCCB00666524 /* Images.xcassets in Resources */,
				DDB8D08E1A46920100AFB1F9 /* MPEnterWifiPassword.xib in Resources */,
				DDD1C04B1A28CCCB00666524 /* MainMenu.xib in Resources */,
			);
			runOnlyForDeploymentPostprocessing = 0;
		};
		DDD1C04E1A28CCCB00666524 /* Resources */ = {
			isa = PBXResourcesBuildPhase;
			buildActionMask = 2147483647;
			files = (
			);
			runOnlyForDeploymentPostprocessing = 0;
		};
/* End PBXResourcesBuildPhase section */

/* Begin PBXSourcesBuildPhase section */
		DDD1C0391A28CCCB00666524 /* Sources */ = {
			isa = PBXSourcesBuildPhase;
			buildActionMask = 2147483647;
			files = (
				DDBB186D1A4E70EB00FBA7EB /* MPSaveDetailsController.m in Sources */,
				DDBB18721A4E710200FBA7EB /* MPRebootDeviceController.m in Sources */,
				DDE16AFD1A496CD300DE297A /* MPDeviceCommand.m in Sources */,
				DD9622891A2B448B009ABF32 /* MPDeviceConfigurationViewController.m in Sources */,
				DD0958611A5C088700E2FEB2 /* MPDeviceDisconnectivityController.m in Sources */,
				DDD1C0621A28CF9A00666524 /* MPDeviceCommunication.m in Sources */,
				DDD1C0461A28CCCB00666524 /* main.m in Sources */,
				DDE16B001A496D2000DE297A /* MPNetwork.m in Sources */,
				DD51E0081A459ECF001C76D7 /* MPConnectivityController.m in Sources */,
				DDB8D08D1A46920100AFB1F9 /* MPEnterWifiPassword.m in Sources */,
				DD51E0021A459823001C76D7 /* MPScanSSIDController.m in Sources */,
				DDD1C0441A28CCCB00666524 /* AppDelegate.m in Sources */,
				DDE16B041A496F2A00DE297A /* MPScanResultParser.m in Sources */,
			);
			runOnlyForDeploymentPostprocessing = 0;
		};
		DDD1C04C1A28CCCB00666524 /* Sources */ = {
			isa = PBXSourcesBuildPhase;
			buildActionMask = 2147483647;
			files = (
				DDD1C0571A28CCCB00666524 /* MedFolio_Pillbox_SetupTests.m in Sources */,
				DDE16B061A49794200DE297A /* MPScanResultParserTests.m in Sources */,
			);
			runOnlyForDeploymentPostprocessing = 0;
		};
/* End PBXSourcesBuildPhase section */

/* Begin PBXTargetDependency section */
		DDD1C0521A28CCCB00666524 /* PBXTargetDependency */ = {
			isa = PBXTargetDependency;
			target = DDD1C03C1A28CCCB00666524 /* MedFolio Pillbox Setup */;
			targetProxy = DDD1C0511A28CCCB00666524 /* PBXContainerItemProxy */;
		};
/* End PBXTargetDependency section */

/* Begin PBXVariantGroup section */
		DDD1C0491A28CCCB00666524 /* MainMenu.xib */ = {
			isa = PBXVariantGroup;
			children = (
				DDD1C04A1A28CCCB00666524 /* Base */,
			);
			name = MainMenu.xib;
			sourceTree = "<group>";
		};
/* End PBXVariantGroup section */

/* Begin XCBuildConfiguration section */
		DDD1C0581A28CCCB00666524 /* Debug */ = {
			isa = XCBuildConfiguration;
			buildSettings = {
				ALWAYS_SEARCH_USER_PATHS = NO;
				CLANG_CXX_LANGUAGE_STANDARD = "gnu++0x";
				CLANG_CXX_LIBRARY = "libc++";
				CLANG_ENABLE_MODULES = YES;
				CLANG_ENABLE_OBJC_ARC = YES;
				CLANG_WARN_BOOL_CONVERSION = YES;
				CLANG_WARN_CONSTANT_CONVERSION = YES;
				CLANG_WARN_DIRECT_OBJC_ISA_USAGE = YES_ERROR;
				CLANG_WARN_EMPTY_BODY = YES;
				CLANG_WARN_ENUM_CONVERSION = YES;
				CLANG_WARN_INT_CONVERSION = YES;
				CLANG_WARN_OBJC_ROOT_CLASS = YES_ERROR;
				CLANG_WARN_UNREACHABLE_CODE = YES;
				CLANG_WARN__DUPLICATE_METHOD_MATCH = YES;
				CODE_SIGN_IDENTITY = "-";
				COPY_PHASE_STRIP = NO;
				ENABLE_STRICT_OBJC_MSGSEND = YES;
				GCC_C_LANGUAGE_STANDARD = gnu99;
				GCC_DYNAMIC_NO_PIC = NO;
				GCC_OPTIMIZATION_LEVEL = 0;
				GCC_PREPROCESSOR_DEFINITIONS = (
					"DEBUG=1",
					"$(inherited)",
				);
				GCC_SYMBOLS_PRIVATE_EXTERN = NO;
				GCC_WARN_64_TO_32_BIT_CONVERSION = YES;
				GCC_WARN_ABOUT_RETURN_TYPE = YES_ERROR;
				GCC_WARN_UNDECLARED_SELECTOR = YES;
				GCC_WARN_UNINITIALIZED_AUTOS = YES_AGGRESSIVE;
				GCC_WARN_UNUSED_FUNCTION = YES;
				GCC_WARN_UNUSED_VARIABLE = YES;
				MACOSX_DEPLOYMENT_TARGET = 10.10;
				MTL_ENABLE_DEBUG_INFO = YES;
				ONLY_ACTIVE_ARCH = YES;
				SDKROOT = macosx;
			};
			name = Debug;
		};
		DDD1C0591A28CCCB00666524 /* Release */ = {
			isa = XCBuildConfiguration;
			buildSettings = {
				ALWAYS_SEARCH_USER_PATHS = NO;
				CLANG_CXX_LANGUAGE_STANDARD = "gnu++0x";
				CLANG_CXX_LIBRARY = "libc++";
				CLANG_ENABLE_MODULES = YES;
				CLANG_ENABLE_OBJC_ARC = YES;
				CLANG_WARN_BOOL_CONVERSION = YES;
				CLANG_WARN_CONSTANT_CONVERSION = YES;
				CLANG_WARN_DIRECT_OBJC_ISA_USAGE = YES_ERROR;
				CLANG_WARN_EMPTY_BODY = YES;
				CLANG_WARN_ENUM_CONVERSION = YES;
				CLANG_WARN_INT_CONVERSION = YES;
				CLANG_WARN_OBJC_ROOT_CLASS = YES_ERROR;
				CLANG_WARN_UNREACHABLE_CODE = YES;
				CLANG_WARN__DUPLICATE_METHOD_MATCH = YES;
				CODE_SIGN_IDENTITY = "-";
				COPY_PHASE_STRIP = YES;
				DEBUG_INFORMATION_FORMAT = "dwarf-with-dsym";
				ENABLE_NS_ASSERTIONS = NO;
				ENABLE_STRICT_OBJC_MSGSEND = YES;
				GCC_C_LANGUAGE_STANDARD = gnu99;
				GCC_WARN_64_TO_32_BIT_CONVERSION = YES;
				GCC_WARN_ABOUT_RETURN_TYPE = YES_ERROR;
				GCC_WARN_UNDECLARED_SELECTOR = YES;
				GCC_WARN_UNINITIALIZED_AUTOS = YES_AGGRESSIVE;
				GCC_WARN_UNUSED_FUNCTION = YES;
				GCC_WARN_UNUSED_VARIABLE = YES;
				MACOSX_DEPLOYMENT_TARGET = 10.10;
				MTL_ENABLE_DEBUG_INFO = NO;
				SDKROOT = macosx;
			};
			name = Release;
		};
		DDD1C05B1A28CCCB00666524 /* Debug */ = {
			isa = XCBuildConfiguration;
			buildSettings = {
				ASSETCATALOG_COMPILER_APPICON_NAME = AppIcon;
				COMBINE_HIDPI_IMAGES = YES;
				INFOPLIST_FILE = "MedFolio Pillbox Setup/Info.plist";
				LD_RUNPATH_SEARCH_PATHS = "$(inherited) @executable_path/../Frameworks";
				MACOSX_DEPLOYMENT_TARGET = 10.7;
				PRODUCT_NAME = "$(TARGET_NAME)";
			};
			name = Debug;
		};
		DDD1C05C1A28CCCB00666524 /* Release */ = {
			isa = XCBuildConfiguration;
			buildSettings = {
				ASSETCATALOG_COMPILER_APPICON_NAME = AppIcon;
				COMBINE_HIDPI_IMAGES = YES;
				INFOPLIST_FILE = "MedFolio Pillbox Setup/Info.plist";
				LD_RUNPATH_SEARCH_PATHS = "$(inherited) @executable_path/../Frameworks";
				MACOSX_DEPLOYMENT_TARGET = 10.7;
				PRODUCT_NAME = "$(TARGET_NAME)";
			};
			name = Release;
		};
		DDD1C05E1A28CCCB00666524 /* Debug */ = {
			isa = XCBuildConfiguration;
			buildSettings = {
				BUNDLE_LOADER = "$(TEST_HOST)";
				COMBINE_HIDPI_IMAGES = YES;
				FRAMEWORK_SEARCH_PATHS = (
					"$(DEVELOPER_FRAMEWORKS_DIR)",
					"$(inherited)",
				);
				GCC_PREPROCESSOR_DEFINITIONS = (
					"DEBUG=1",
					"$(inherited)",
				);
				INFOPLIST_FILE = "MedFolio Pillbox SetupTests/Info.plist";
				LD_RUNPATH_SEARCH_PATHS = "$(inherited) @executable_path/../Frameworks @loader_path/../Frameworks";
				PRODUCT_NAME = "$(TARGET_NAME)";
				TEST_HOST = "$(BUILT_PRODUCTS_DIR)/MedFolio Pillbox Setup.app/Contents/MacOS/MedFolio Pillbox Setup";
			};
			name = Debug;
		};
		DDD1C05F1A28CCCB00666524 /* Release */ = {
			isa = XCBuildConfiguration;
			buildSettings = {
				BUNDLE_LOADER = "$(TEST_HOST)";
				COMBINE_HIDPI_IMAGES = YES;
				FRAMEWORK_SEARCH_PATHS = (
					"$(DEVELOPER_FRAMEWORKS_DIR)",
					"$(inherited)",
				);
				INFOPLIST_FILE = "MedFolio Pillbox SetupTests/Info.plist";
				LD_RUNPATH_SEARCH_PATHS = "$(inherited) @executable_path/../Frameworks @loader_path/../Frameworks";
				PRODUCT_NAME = "$(TARGET_NAME)";
				TEST_HOST = "$(BUILT_PRODUCTS_DIR)/MedFolio Pillbox Setup.app/Contents/MacOS/MedFolio Pillbox Setup";
			};
			name = Release;
		};
/* End XCBuildConfiguration section */

/* Begin XCConfigurationList section */
		DDD1C0381A28CCCB00666524 /* Build configuration list for PBXProject "MedFolio Pillbox Setup" */ = {
			isa = XCConfigurationList;
			buildConfigurations = (
				DDD1C0581A28CCCB00666524 /* Debug */,
				DDD1C0591A28CCCB00666524 /* Release */,
			);
			defaultConfigurationIsVisible = 0;
			defaultConfigurationName = Release;
		};
		DDD1C05A1A28CCCB00666524 /* Build configuration list for PBXNativeTarget "MedFolio Pillbox Setup" */ = {
			isa = XCConfigurationList;
			buildConfigurations = (
				DDD1C05B1A28CCCB00666524 /* Debug */,
				DDD1C05C1A28CCCB00666524 /* Release */,
			);
			defaultConfigurationIsVisible = 0;
			defaultConfigurationName = Release;
		};
		DDD1C05D1A28CCCB00666524 /* Build configuration list for PBXNativeTarget "MedFolio Pillbox SetupTests" */ = {
			isa = XCConfigurationList;
			buildConfigurations = (
				DDD1C05E1A28CCCB00666524 /* Debug */,
				DDD1C05F1A28CCCB00666524 /* Release */,
			);
			defaultConfigurationIsVisible = 0;
			defaultConfigurationName = Release;
		};
/* End XCConfigurationList section */
	};
	rootObject = DDD1C0351A28CCCB00666524 /* Project object */;
}
